
Microsoft Visual Studio Solution File, Format Version 12.00
# Visual Studio Express 2013 for Web
VisualStudioVersion = 12.0.21005.1
MinimumVisualStudioVersion = 10.0.40219.1
Project("{FAE04EC0-301F-11D3-BF4B-00C04F79EFBC}") = "Forum", "Forum\Forum.csproj", "{A077CCCD-45A3-434E-AFE1-248889C3F80D}"
EndProject
Project("{FAE04EC0-301F-11D3-BF4B-00C04F79EFBC}") = "Forum.Tests", "Forum.Tests\Forum.Tests.csproj", "{1F6FB922-4879-477C-AE58-52C2876DD922}"
EndProject
Project("{FAE04EC0-301F-11D3-BF4B-00C04F79EFBC}") = "Forum.Models", "Forum.Models\Forum.Models.csproj", "{C93BC5B5-845D-40A2-AB7E-917C34021D43}"
EndProject
Global
	GlobalSection(SolutionConfigurationPlatforms) = preSolution
		Debug|Any CPU = Debug|Any CPU
		Release|Any CPU = Release|Any CPU
	EndGlobalSection
	GlobalSection(ProjectConfigurationPlatforms) = postSolution
		{A077CCCD-45A3-434E-AFE1-248889C3F80D}.Debug|Any CPU.ActiveCfg = Debug|Any CPU
		{A077CCCD-45A3-434E-AFE1-248889C3F80D}.Debug|Any CPU.Build.0 = Debug|Any CPU
		{A077CCCD-45A3-434E-AFE1-248889C3F80D}.Release|Any CPU.ActiveCfg = Release|Any CPU
		{A077CCCD-45A3-434E-AFE1-248889C3F80D}.Release|Any CPU.Build.0 = Release|Any CPU
		{1F6FB922-4879-477C-AE58-52C2876DD922}.Debug|Any CPU.ActiveCfg = Debug|Any CPU
		{1F6FB922-4879-477C-AE58-52C2876DD922}.Debug|Any CPU.Build.0 = Debug|Any CPU
		{1F6FB922-4879-477C-AE58-52C2876DD922}.Release|Any CPU.ActiveCfg = Release|Any CPU
		{1F6FB922-4879-477C-AE58-52C2876DD922}.Release|Any CPU.Build.0 = Release|Any CPU
		{C93BC5B5-845D-40A2-AB7E-917C34021D43}.Debug|Any CPU.ActiveCfg = Debug|Any CPU
		{C93BC5B5-845D-40A2-AB7E-917C34021D43}.Debug|Any CPU.Build.0 = Debug|Any CPU
		{C93BC5B5-845D-40A2-AB7E-917C34021D43}.Release|Any CPU.ActiveCfg = Release|Any CPU
		{C93BC5B5-845D-40A2-AB7E-917C34021D43}.Release|Any CPU.Build.0 = Release|Any CPU
	EndGlobalSection
	GlobalSection(SolutionProperties) = preSolution
		HideSolutionNode = FALSE
	EndGlobalSection
EndGlobal
